
Microsoft Visual Studio Solution File, Format Version 12.00
# Visual Studio 2012
Project("{FAE04EC0-301F-11D3-BF4B-00C04F79EFBC}") = "SampleRotate.Win8", "SampleRotate.Win8\SampleRotate.Win8.csproj", "{BED2152F-27D1-4A07-BBC6-6F25E6B5B627}"
EndProject
Project("{FAE04EC0-301F-11D3-BF4B-00C04F79EFBC}") = "SampleRotate.Core", "SampleRotate.Core\SampleRotate.Core.csproj", "{151EA88C-FD6E-4D6F-9698-B86FEDEC7DFF}"
EndProject
Project("{FAE04EC0-301F-11D3-BF4B-00C04F79EFBC}") = "SampleRotate.Android", "SampleRotate.Android\SampleRotate.Android.csproj", "{CEAFE12C-5AB0-496A-B0C7-ED6975C63538}"
EndProject
Project("{FAE04EC0-301F-11D3-BF4B-00C04F79EFBC}") = "SampleRotate.iOS", "SampleRotate.iOS\SampleRotate.iOS.csproj", "{872153D2-7C0F-4422-AFFC-DF0CD7367CB5}"
EndProject
Global
	GlobalSection(SolutionConfigurationPlatforms) = preSolution
		Debug|Any CPU = Debug|Any CPU
		Debug|ARM = Debug|ARM
		Debug|x64 = Debug|x64
		Debug|x86 = Debug|x86
		Release|Any CPU = Release|Any CPU
		Release|ARM = Release|ARM
		Release|x64 = Release|x64
		Release|x86 = Release|x86
		Debug|iPhoneSimulator = Debug|iPhoneSimulator
		Release|iPhoneSimulator = Release|iPhoneSimulator
		Debug|iPhone = Debug|iPhone
		Release|iPhone = Release|iPhone
		Ad-Hoc|iPhone = Ad-Hoc|iPhone
		AppStore|iPhone = AppStore|iPhone
	EndGlobalSection
	GlobalSection(ProjectConfigurationPlatforms) = postSolution
		{151EA88C-FD6E-4D6F-9698-B86FEDEC7DFF}.Ad-Hoc|iPhone.ActiveCfg = Debug|Any CPU
		{151EA88C-FD6E-4D6F-9698-B86FEDEC7DFF}.Ad-Hoc|iPhone.Build.0 = Debug|Any CPU
		{151EA88C-FD6E-4D6F-9698-B86FEDEC7DFF}.AppStore|iPhone.ActiveCfg = Debug|Any CPU
		{151EA88C-FD6E-4D6F-9698-B86FEDEC7DFF}.AppStore|iPhone.Build.0 = Debug|Any CPU
		{151EA88C-FD6E-4D6F-9698-B86FEDEC7DFF}.Debug|Any CPU.ActiveCfg = Debug|Any CPU
		{151EA88C-FD6E-4D6F-9698-B86FEDEC7DFF}.Debug|Any CPU.Build.0 = Debug|Any CPU
		{151EA88C-FD6E-4D6F-9698-B86FEDEC7DFF}.Debug|ARM.ActiveCfg = Debug|Any CPU
		{151EA88C-FD6E-4D6F-9698-B86FEDEC7DFF}.Debug|iPhone.ActiveCfg = Debug|Any CPU
		{151EA88C-FD6E-4D6F-9698-B86FEDEC7DFF}.Debug|iPhone.Build.0 = Debug|Any CPU
		{151EA88C-FD6E-4D6F-9698-B86FEDEC7DFF}.Debug|iPhoneSimulator.ActiveCfg = Debug|Any CPU
		{151EA88C-FD6E-4D6F-9698-B86FEDEC7DFF}.Debug|iPhoneSimulator.Build.0 = Debug|Any CPU
		{151EA88C-FD6E-4D6F-9698-B86FEDEC7DFF}.Debug|x64.ActiveCfg = Debug|Any CPU
		{151EA88C-FD6E-4D6F-9698-B86FEDEC7DFF}.Debug|x86.ActiveCfg = Debug|Any CPU
		{151EA88C-FD6E-4D6F-9698-B86FEDEC7DFF}.Release|Any CPU.ActiveCfg = Release|Any CPU
		{151EA88C-FD6E-4D6F-9698-B86FEDEC7DFF}.Release|Any CPU.Build.0 = Release|Any CPU
		{151EA88C-FD6E-4D6F-9698-B86FEDEC7DFF}.Release|ARM.ActiveCfg = Release|Any CPU
		{151EA88C-FD6E-4D6F-9698-B86FEDEC7DFF}.Release|iPhone.ActiveCfg = Release|Any CPU
		{151EA88C-FD6E-4D6F-9698-B86FEDEC7DFF}.Release|iPhone.Build.0 = Release|Any CPU
		{151EA88C-FD6E-4D6F-9698-B86FEDEC7DFF}.Release|iPhoneSimulator.ActiveCfg = Release|Any CPU
		{151EA88C-FD6E-4D6F-9698-B86FEDEC7DFF}.Release|iPhoneSimulator.Build.0 = Release|Any CPU
		{151EA88C-FD6E-4D6F-9698-B86FEDEC7DFF}.Release|x64.ActiveCfg = Release|Any CPU
		{151EA88C-FD6E-4D6F-9698-B86FEDEC7DFF}.Release|x86.ActiveCfg = Release|Any CPU
		{872153D2-7C0F-4422-AFFC-DF0CD7367CB5}.Ad-Hoc|iPhone.ActiveCfg = Ad-Hoc|iPhone
		{872153D2-7C0F-4422-AFFC-DF0CD7367CB5}.Ad-Hoc|iPhone.Build.0 = Ad-Hoc|iPhone
		{872153D2-7C0F-4422-AFFC-DF0CD7367CB5}.AppStore|iPhone.ActiveCfg = AppStore|iPhone
		{872153D2-7C0F-4422-AFFC-DF0CD7367CB5}.AppStore|iPhone.Build.0 = AppStore|iPhone
		{872153D2-7C0F-4422-AFFC-DF0CD7367CB5}.Debug|Any CPU.ActiveCfg = Debug|iPhoneSimulator
		{872153D2-7C0F-4422-AFFC-DF0CD7367CB5}.Debug|Any CPU.Build.0 = Debug|iPhoneSimulator
		{872153D2-7C0F-4422-AFFC-DF0CD7367CB5}.Debug|ARM.ActiveCfg = Debug|iPhoneSimulator
		{872153D2-7C0F-4422-AFFC-DF0CD7367CB5}.Debug|ARM.Build.0 = Debug|iPhoneSimulator
		{872153D2-7C0F-4422-AFFC-DF0CD7367CB5}.Debug|iPhone.ActiveCfg = Debug|iPhone
		{872153D2-7C0F-4422-AFFC-DF0CD7367CB5}.Debug|iPhone.Build.0 = Debug|iPhone
		{872153D2-7C0F-4422-AFFC-DF0CD7367CB5}.Debug|iPhoneSimulator.ActiveCfg = Debug|iPhoneSimulator
		{872153D2-7C0F-4422-AFFC-DF0CD7367CB5}.Debug|iPhoneSimulator.Build.0 = Debug|iPhoneSimulator
		{872153D2-7C0F-4422-AFFC-DF0CD7367CB5}.Debug|x64.ActiveCfg = Debug|iPhoneSimulator
		{872153D2-7C0F-4422-AFFC-DF0CD7367CB5}.Debug|x64.Build.0 = Debug|iPhoneSimulator
		{872153D2-7C0F-4422-AFFC-DF0CD7367CB5}.Debug|x86.ActiveCfg = Debug|iPhoneSimulator
		{872153D2-7C0F-4422-AFFC-DF0CD7367CB5}.Debug|x86.Build.0 = Debug|iPhoneSimulator
		{872153D2-7C0F-4422-AFFC-DF0CD7367CB5}.Release|Any CPU.ActiveCfg = Release|iPhoneSimulator
		{872153D2-7C0F-4422-AFFC-DF0CD7367CB5}.Release|Any CPU.Build.0 = Release|iPhoneSimulator
		{872153D2-7C0F-4422-AFFC-DF0CD7367CB5}.Release|ARM.ActiveCfg = Release|iPhoneSimulator
		{872153D2-7C0F-4422-AFFC-DF0CD7367CB5}.Release|ARM.Build.0 = Release|iPhoneSimulator
		{872153D2-7C0F-4422-AFFC-DF0CD7367CB5}.Release|iPhone.ActiveCfg = Release|iPhone
		{872153D2-7C0F-4422-AFFC-DF0CD7367CB5}.Release|iPhone.Build.0 = Release|iPhone
		{872153D2-7C0F-4422-AFFC-DF0CD7367CB5}.Release|iPhoneSimulator.ActiveCfg = Release|iPhoneSimulator
		{872153D2-7C0F-4422-AFFC-DF0CD7367CB5}.Release|iPhoneSimulator.Build.0 = Release|iPhoneSimulator
		{872153D2-7C0F-4422-AFFC-DF0CD7367CB5}.Release|x64.ActiveCfg = Release|iPhoneSimulator
		{872153D2-7C0F-4422-AFFC-DF0CD7367CB5}.Release|x64.Build.0 = Release|iPhoneSimulator
		{872153D2-7C0F-4422-AFFC-DF0CD7367CB5}.Release|x86.ActiveCfg = Release|iPhoneSimulator
		{872153D2-7C0F-4422-AFFC-DF0CD7367CB5}.Release|x86.Build.0 = Release|iPhoneSimulator
		{BED2152F-27D1-4A07-BBC6-6F25E6B5B627}.Debug|Any CPU.ActiveCfg = Debug|Any CPU
		{BED2152F-27D1-4A07-BBC6-6F25E6B5B627}.Debug|Any CPU.Build.0 = Debug|Any CPU
		{BED2152F-27D1-4A07-BBC6-6F25E6B5B627}.Debug|Any CPU.Deploy.0 = Debug|Any CPU
		{BED2152F-27D1-4A07-BBC6-6F25E6B5B627}.Debug|ARM.ActiveCfg = Debug|ARM
		{BED2152F-27D1-4A07-BBC6-6F25E6B5B627}.Debug|ARM.Build.0 = Debug|ARM
		{BED2152F-27D1-4A07-BBC6-6F25E6B5B627}.Debug|ARM.Deploy.0 = Debug|ARM
		{BED2152F-27D1-4A07-BBC6-6F25E6B5B627}.Debug|x64.ActiveCfg = Debug|x64
		{BED2152F-27D1-4A07-BBC6-6F25E6B5B627}.Debug|x64.Build.0 = Debug|x64
		{BED2152F-27D1-4A07-BBC6-6F25E6B5B627}.Debug|x64.Deploy.0 = Debug|x64
		{BED2152F-27D1-4A07-BBC6-6F25E6B5B627}.Debug|x86.ActiveCfg = Debug|x86
		{BED2152F-27D1-4A07-BBC6-6F25E6B5B627}.Debug|x86.Build.0 = Debug|x86
		{BED2152F-27D1-4A07-BBC6-6F25E6B5B627}.Debug|x86.Deploy.0 = Debug|x86
		{BED2152F-27D1-4A07-BBC6-6F25E6B5B627}.Release|Any CPU.ActiveCfg = Release|Any CPU
		{BED2152F-27D1-4A07-BBC6-6F25E6B5B627}.Release|Any CPU.Build.0 = Release|Any CPU
		{BED2152F-27D1-4A07-BBC6-6F25E6B5B627}.Release|Any CPU.Deploy.0 = Release|Any CPU
		{BED2152F-27D1-4A07-BBC6-6F25E6B5B627}.Release|ARM.ActiveCfg = Release|ARM
		{BED2152F-27D1-4A07-BBC6-6F25E6B5B627}.Release|ARM.Build.0 = Release|ARM
		{BED2152F-27D1-4A07-BBC6-6F25E6B5B627}.Release|ARM.Deploy.0 = Release|ARM
		{BED2152F-27D1-4A07-BBC6-6F25E6B5B627}.Release|x64.ActiveCfg = Release|x64
		{BED2152F-27D1-4A07-BBC6-6F25E6B5B627}.Release|x64.Build.0 = Release|x64
		{BED2152F-27D1-4A07-BBC6-6F25E6B5B627}.Release|x64.Deploy.0 = Release|x64
		{BED2152F-27D1-4A07-BBC6-6F25E6B5B627}.Release|x86.ActiveCfg = Release|x86
		{BED2152F-27D1-4A07-BBC6-6F25E6B5B627}.Release|x86.Build.0 = Release|x86
		{BED2152F-27D1-4A07-BBC6-6F25E6B5B627}.Release|x86.Deploy.0 = Release|x86
		{CEAFE12C-5AB0-496A-B0C7-ED6975C63538}.Ad-Hoc|iPhone.ActiveCfg = Debug|Any CPU
		{CEAFE12C-5AB0-496A-B0C7-ED6975C63538}.Ad-Hoc|iPhone.Build.0 = Debug|Any CPU
		{CEAFE12C-5AB0-496A-B0C7-ED6975C63538}.AppStore|iPhone.ActiveCfg = Debug|Any CPU
		{CEAFE12C-5AB0-496A-B0C7-ED6975C63538}.AppStore|iPhone.Build.0 = Debug|Any CPU
		{CEAFE12C-5AB0-496A-B0C7-ED6975C63538}.Debug|Any CPU.ActiveCfg = Debug|Any CPU
		{CEAFE12C-5AB0-496A-B0C7-ED6975C63538}.Debug|Any CPU.Build.0 = Debug|Any CPU
		{CEAFE12C-5AB0-496A-B0C7-ED6975C63538}.Debug|Any CPU.Deploy.0 = Debug|Any CPU
		{CEAFE12C-5AB0-496A-B0C7-ED6975C63538}.Debug|ARM.ActiveCfg = Debug|Any CPU
		{CEAFE12C-5AB0-496A-B0C7-ED6975C63538}.Debug|iPhone.ActiveCfg = Debug|Any CPU
		{CEAFE12C-5AB0-496A-B0C7-ED6975C63538}.Debug|iPhone.Build.0 = Debug|Any CPU
		{CEAFE12C-5AB0-496A-B0C7-ED6975C63538}.Debug|iPhoneSimulator.ActiveCfg = Debug|Any CPU
		{CEAFE12C-5AB0-496A-B0C7-ED6975C63538}.Debug|iPhoneSimulator.Build.0 = Debug|Any CPU
		{CEAFE12C-5AB0-496A-B0C7-ED6975C63538}.Debug|x64.ActiveCfg = Debug|Any CPU
		{CEAFE12C-5AB0-496A-B0C7-ED6975C63538}.Debug|x86.ActiveCfg = Debug|Any CPU
		{CEAFE12C-5AB0-496A-B0C7-ED6975C63538}.Release|Any CPU.ActiveCfg = Release|Any CPU
		{CEAFE12C-5AB0-496A-B0C7-ED6975C63538}.Release|Any CPU.Build.0 = Release|Any CPU
		{CEAFE12C-5AB0-496A-B0C7-ED6975C63538}.Release|Any CPU.Deploy.0 = Release|Any CPU
		{CEAFE12C-5AB0-496A-B0C7-ED6975C63538}.Release|ARM.ActiveCfg = Release|Any CPU
		{CEAFE12C-5AB0-496A-B0C7-ED6975C63538}.Release|iPhone.ActiveCfg = Release|Any CPU
		{CEAFE12C-5AB0-496A-B0C7-ED6975C63538}.Release|iPhone.Build.0 = Release|Any CPU
		{CEAFE12C-5AB0-496A-B0C7-ED6975C63538}.Release|iPhoneSimulator.ActiveCfg = Release|Any CPU
		{CEAFE12C-5AB0-496A-B0C7-ED6975C63538}.Release|iPhoneSimulator.Build.0 = Release|Any CPU
		{CEAFE12C-5AB0-496A-B0C7-ED6975C63538}.Release|x64.ActiveCfg = Release|Any CPU
		{CEAFE12C-5AB0-496A-B0C7-ED6975C63538}.Release|x86.ActiveCfg = Release|Any CPU
	EndGlobalSection
	GlobalSection(MonoDevelopProperties) = preSolution
		StartupItem = SampleRotate.Win8\SampleRotate.Win8.csproj
	EndGlobalSection
	GlobalSection(SolutionProperties) = preSolution
		HideSolutionNode = FALSE
	EndGlobalSection
EndGlobal
