
Microsoft Visual Studio Solution File, Format Version 12.00
# Visual Studio 2013
VisualStudioVersion = 12.0.30110.0
MinimumVisualStudioVersion = 10.0.40219.1
Project("{FAE04EC0-301F-11D3-BF4B-00C04F79EFBC}") = "SampleRotate.Win8", "SampleRotate.Win8\SampleRotate.Win8.csproj", "{BED2152F-27D1-4A07-BBC6-6F25E6B5B627}"
EndProject
Project("{FAE04EC0-301F-11D3-BF4B-00C04F79EFBC}") = "SampleRotate.Core", "SampleRotate.Core\SampleRotate.Core.csproj", "{151EA88C-FD6E-4D6F-9698-B86FEDEC7DFF}"
EndProject
Project("{FAE04EC0-301F-11D3-BF4B-00C04F79EFBC}") = "SampleRotate.Android", "SampleRotate.Android\SampleRotate.Android.csproj", "{CEAFE12C-5AB0-496A-B0C7-ED6975C63538}"
EndProject
Global
	GlobalSection(SolutionConfigurationPlatforms) = preSolution
		Debug|Any CPU = Debug|Any CPU
		Debug|ARM = Debug|ARM
		Debug|x64 = Debug|x64
		Debug|x86 = Debug|x86
		Release|Any CPU = Release|Any CPU
		Release|ARM = Release|ARM
		Release|x64 = Release|x64
		Release|x86 = Release|x86
	EndGlobalSection
	GlobalSection(ProjectConfigurationPlatforms) = postSolution
		{BED2152F-27D1-4A07-BBC6-6F25E6B5B627}.Debug|Any CPU.ActiveCfg = Debug|Any CPU
		{BED2152F-27D1-4A07-BBC6-6F25E6B5B627}.Debug|Any CPU.Build.0 = Debug|Any CPU
		{BED2152F-27D1-4A07-BBC6-6F25E6B5B627}.Debug|Any CPU.Deploy.0 = Debug|Any CPU
		{BED2152F-27D1-4A07-BBC6-6F25E6B5B627}.Debug|ARM.ActiveCfg = Debug|ARM
		{BED2152F-27D1-4A07-BBC6-6F25E6B5B627}.Debug|ARM.Build.0 = Debug|ARM
		{BED2152F-27D1-4A07-BBC6-6F25E6B5B627}.Debug|ARM.Deploy.0 = Debug|ARM
		{BED2152F-27D1-4A07-BBC6-6F25E6B5B627}.Debug|x64.ActiveCfg = Debug|x64
		{BED2152F-27D1-4A07-BBC6-6F25E6B5B627}.Debug|x64.Build.0 = Debug|x64
		{BED2152F-27D1-4A07-BBC6-6F25E6B5B627}.Debug|x64.Deploy.0 = Debug|x64
		{BED2152F-27D1-4A07-BBC6-6F25E6B5B627}.Debug|x86.ActiveCfg = Debug|x86
		{BED2152F-27D1-4A07-BBC6-6F25E6B5B627}.Debug|x86.Build.0 = Debug|x86
		{BED2152F-27D1-4A07-BBC6-6F25E6B5B627}.Debug|x86.Deploy.0 = Debug|x86
		{BED2152F-27D1-4A07-BBC6-6F25E6B5B627}.Release|Any CPU.ActiveCfg = Release|Any CPU
		{BED2152F-27D1-4A07-BBC6-6F25E6B5B627}.Release|Any CPU.Build.0 = Release|Any CPU
		{BED2152F-27D1-4A07-BBC6-6F25E6B5B627}.Release|Any CPU.Deploy.0 = Release|Any CPU
		{BED2152F-27D1-4A07-BBC6-6F25E6B5B627}.Release|ARM.ActiveCfg = Release|ARM
		{BED2152F-27D1-4A07-BBC6-6F25E6B5B627}.Release|ARM.Build.0 = Release|ARM
		{BED2152F-27D1-4A07-BBC6-6F25E6B5B627}.Release|ARM.Deploy.0 = Release|ARM
		{BED2152F-27D1-4A07-BBC6-6F25E6B5B627}.Release|x64.ActiveCfg = Release|x64
		{BED2152F-27D1-4A07-BBC6-6F25E6B5B627}.Release|x64.Build.0 = Release|x64
		{BED2152F-27D1-4A07-BBC6-6F25E6B5B627}.Release|x64.Deploy.0 = Release|x64
		{BED2152F-27D1-4A07-BBC6-6F25E6B5B627}.Release|x86.ActiveCfg = Release|x86
		{BED2152F-27D1-4A07-BBC6-6F25E6B5B627}.Release|x86.Build.0 = Release|x86
		{BED2152F-27D1-4A07-BBC6-6F25E6B5B627}.Release|x86.Deploy.0 = Release|x86
		{151EA88C-FD6E-4D6F-9698-B86FEDEC7DFF}.Debug|Any CPU.ActiveCfg = Debug|Any CPU
		{151EA88C-FD6E-4D6F-9698-B86FEDEC7DFF}.Debug|Any CPU.Build.0 = Debug|Any CPU
		{151EA88C-FD6E-4D6F-9698-B86FEDEC7DFF}.Debug|ARM.ActiveCfg = Debug|Any CPU
		{151EA88C-FD6E-4D6F-9698-B86FEDEC7DFF}.Debug|x64.ActiveCfg = Debug|Any CPU
		{151EA88C-FD6E-4D6F-9698-B86FEDEC7DFF}.Debug|x86.ActiveCfg = Debug|Any CPU
		{151EA88C-FD6E-4D6F-9698-B86FEDEC7DFF}.Release|Any CPU.ActiveCfg = Release|Any CPU
		{151EA88C-FD6E-4D6F-9698-B86FEDEC7DFF}.Release|Any CPU.Build.0 = Release|Any CPU
		{151EA88C-FD6E-4D6F-9698-B86FEDEC7DFF}.Release|ARM.ActiveCfg = Release|Any CPU
		{151EA88C-FD6E-4D6F-9698-B86FEDEC7DFF}.Release|x64.ActiveCfg = Release|Any CPU
		{151EA88C-FD6E-4D6F-9698-B86FEDEC7DFF}.Release|x86.ActiveCfg = Release|Any CPU
		{CEAFE12C-5AB0-496A-B0C7-ED6975C63538}.Debug|Any CPU.ActiveCfg = Debug|Any CPU
		{CEAFE12C-5AB0-496A-B0C7-ED6975C63538}.Debug|Any CPU.Build.0 = Debug|Any CPU
		{CEAFE12C-5AB0-496A-B0C7-ED6975C63538}.Debug|Any CPU.Deploy.0 = Debug|Any CPU
		{CEAFE12C-5AB0-496A-B0C7-ED6975C63538}.Debug|ARM.ActiveCfg = Debug|Any CPU
		{CEAFE12C-5AB0-496A-B0C7-ED6975C63538}.Debug|x64.ActiveCfg = Debug|Any CPU
		{CEAFE12C-5AB0-496A-B0C7-ED6975C63538}.Debug|x86.ActiveCfg = Debug|Any CPU
		{CEAFE12C-5AB0-496A-B0C7-ED6975C63538}.Release|Any CPU.ActiveCfg = Release|Any CPU
		{CEAFE12C-5AB0-496A-B0C7-ED6975C63538}.Release|Any CPU.Build.0 = Release|Any CPU
		{CEAFE12C-5AB0-496A-B0C7-ED6975C63538}.Release|Any CPU.Deploy.0 = Release|Any CPU
		{CEAFE12C-5AB0-496A-B0C7-ED6975C63538}.Release|ARM.ActiveCfg = Release|Any CPU
		{CEAFE12C-5AB0-496A-B0C7-ED6975C63538}.Release|x64.ActiveCfg = Release|Any CPU
		{CEAFE12C-5AB0-496A-B0C7-ED6975C63538}.Release|x86.ActiveCfg = Release|Any CPU
	EndGlobalSection
	GlobalSection(SolutionProperties) = preSolution
		HideSolutionNode = FALSE
	EndGlobalSection
EndGlobal
